
Microsoft Visual Studio Solution File, Format Version 12.00
# Visual Studio Version 16
VisualStudioVersion = 16.0.30204.135
MinimumVisualStudioVersion = 10.0.40219.1
Project("{FAE04EC0-301F-11D3-BF4B-00C04F79EFBC}") = "YemekTarifleri", "YemekTarifleri\YemekTarifleri.csproj", "{D2390B33-9935-4891-B914-2C0D7DEE65EC}"
EndProject
Global
	GlobalSection(SolutionConfigurationPlatforms) = preSolution
		Debug|Any CPU = Debug|Any CPU
		Release|Any CPU = Release|Any CPU
	EndGlobalSection
	GlobalSection(ProjectConfigurationPlatforms) = postSolution
		{D2390B33-9935-4891-B914-2C0D7DEE65EC}.Debug|Any CPU.ActiveCfg = Debug|Any CPU
		{D2390B33-9935-4891-B914-2C0D7DEE65EC}.Debug|Any CPU.Build.0 = Debug|Any CPU
		{D2390B33-9935-4891-B914-2C0D7DEE65EC}.Release|Any CPU.ActiveCfg = Release|Any CPU
		{D2390B33-9935-4891-B914-2C0D7DEE65EC}.Release|Any CPU.Build.0 = Release|Any CPU
	EndGlobalSection
	GlobalSection(SolutionProperties) = preSolution
		HideSolutionNode = FALSE
	EndGlobalSection
	GlobalSection(ExtensibilityGlobals) = postSolution
		SolutionGuid = {6AAB2585-3112-46CB-ADD8-CC0CC178E0D1}
	EndGlobalSection
EndGlobal
